
Microsoft Visual Studio Solution File, Format Version 12.00
# Visual Studio Version 17
VisualStudioVersion = 17.2.32630.192
MinimumVisualStudioVersion = 10.0.40219.1
Project("{8BC9CEB8-8B4A-11D0-8D11-00A0C91BC942}") = "cpp_practics", "cpp_practics\cpp_practics.vcxproj", "{BB3D9429-2FBD-4F1C-B905-E54059A3EF59}"
EndProject
Global
	GlobalSection(SolutionConfigurationPlatforms) = preSolution
		Debug|x64 = Debug|x64
		Debug|x86 = Debug|x86
		Release|x64 = Release|x64
		Release|x86 = Release|x86
	EndGlobalSection
	GlobalSection(ProjectConfigurationPlatforms) = postSolution
		{BB3D9429-2FBD-4F1C-B905-E54059A3EF59}.Debug|x64.ActiveCfg = Debug|x64
		{BB3D9429-2FBD-4F1C-B905-E54059A3EF59}.Debug|x64.Build.0 = Debug|x64
		{BB3D9429-2FBD-4F1C-B905-E54059A3EF59}.Debug|x86.ActiveCfg = Debug|Win32
		{BB3D9429-2FBD-4F1C-B905-E54059A3EF59}.Debug|x86.Build.0 = Debug|Win32
		{BB3D9429-2FBD-4F1C-B905-E54059A3EF59}.Release|x64.ActiveCfg = Release|x64
		{BB3D9429-2FBD-4F1C-B905-E54059A3EF59}.Release|x64.Build.0 = Release|x64
		{BB3D9429-2FBD-4F1C-B905-E54059A3EF59}.Release|x86.ActiveCfg = Release|Win32
		{BB3D9429-2FBD-4F1C-B905-E54059A3EF59}.Release|x86.Build.0 = Release|Win32
	EndGlobalSection
	GlobalSection(SolutionProperties) = preSolution
		HideSolutionNode = FALSE
	EndGlobalSection
	GlobalSection(ExtensibilityGlobals) = postSolution
		SolutionGuid = {1BF99473-E8E6-4988-A7D9-1711270B6C73}
	EndGlobalSection
EndGlobal
